
Microsoft Visual Studio Solution File, Format Version 12.00
# Visual Studio Version 16
VisualStudioVersion = 16.0.32002.261
MinimumVisualStudioVersion = 10.0.40219.1
Project("{2150E333-8FDC-42A3-9474-1A3956D46DE8}") = "Services", "Services", "{9CB51C1F-0715-47FA-A495-2FE8465C1C0D}"
EndProject
Project("{2150E333-8FDC-42A3-9474-1A3956D46DE8}") = "Catalog", "Catalog", "{FE9B89A4-CEFC-4FA0-8920-77F3F2E901BD}"
EndProject
Project("{9A19103F-16F7-4668-BE54-9A1E7A4F7556}") = "Course.Services.Catalog", "Services\Catalog\Course.Services.Catalog\Course.Services.Catalog.csproj", "{3175B601-2110-4898-B706-C1EC52D1CA24}"
EndProject
Project("{2150E333-8FDC-42A3-9474-1A3956D46DE8}") = "Solution Items", "Solution Items", "{20D8E7EC-A007-4221-99BE-0DA8B83BACE8}"
	ProjectSection(SolutionItems) = preProject
		Ports.txt = Ports.txt
	EndProjectSection
EndProject
Project("{2150E333-8FDC-42A3-9474-1A3956D46DE8}") = "Shared", "Shared", "{615E3696-C682-4D76-A0E1-699543DB23A4}"
EndProject
Project("{9A19103F-16F7-4668-BE54-9A1E7A4F7556}") = "Course.Shared", "Shared\Course.Shared\Course.Shared.csproj", "{95F49802-080D-40C7-9133-30D1DD6F7694}"
EndProject
Project("{2150E333-8FDC-42A3-9474-1A3956D46DE8}") = "IdentityServer", "IdentityServer", "{2C0FCC17-BC21-46AF-8940-4894767EB4F6}"
EndProject
Project("{9A19103F-16F7-4668-BE54-9A1E7A4F7556}") = "Course.IdentityServer", "IdentityServer\Course.IdentityServer\Course.IdentityServer.csproj", "{138AE95F-0395-4FC9-8503-9887229CD88A}"
EndProject
Project("{2150E333-8FDC-42A3-9474-1A3956D46DE8}") = "PhotoStock", "PhotoStock", "{E85C23B2-F571-452D-834A-640F711FDB72}"
EndProject
Project("{9A19103F-16F7-4668-BE54-9A1E7A4F7556}") = "Course.Services.PhotoStock", "Services\PhotoStock\Course.Services.PhotoStock\Course.Services.PhotoStock.csproj", "{69DC82B4-B246-4C6F-8768-4E8BA0693D82}"
EndProject
Project("{2150E333-8FDC-42A3-9474-1A3956D46DE8}") = "Basket", "Basket", "{2217FDA9-E9E2-46D4-8CC6-B5D7D15677E4}"
EndProject
Project("{9A19103F-16F7-4668-BE54-9A1E7A4F7556}") = "Course.Services.Basket", "Services\Basket\Course.Services.Basket\Course.Services.Basket.csproj", "{6B7205A8-3816-4BFA-A92F-486F35027A05}"
EndProject
Project("{2150E333-8FDC-42A3-9474-1A3956D46DE8}") = "Discount", "Discount", "{7EF0520B-9D51-4A9E-97FE-0CCF3CE3D42A}"
EndProject
Project("{9A19103F-16F7-4668-BE54-9A1E7A4F7556}") = "Course.Services.Discount", "Services\Discount\Course.Services.Discount\Course.Services.Discount.csproj", "{6A36D538-368E-4909-BA6B-4F3E3F10E12C}"
EndProject
Project("{2150E333-8FDC-42A3-9474-1A3956D46DE8}") = "Order", "Order", "{9565BDAE-B8CF-42E7-AD6C-DD9B3642BF6A}"
EndProject
Project("{FAE04EC0-301F-11D3-BF4B-00C04F79EFBC}") = "Course.Services.Order.API", "Services\Order\Course.Services.Order.API\Course.Services.Order.API.csproj", "{486132E5-79E3-4428-AECE-8874CADD4411}"
EndProject
Project("{FAE04EC0-301F-11D3-BF4B-00C04F79EFBC}") = "Course.Services.Order.Application", "Services\Order\Course.Services.Order.Application\Course.Services.Order.Application.csproj", "{2A6B7A30-3101-4F64-B40D-15E64DB5F2ED}"
EndProject
Project("{FAE04EC0-301F-11D3-BF4B-00C04F79EFBC}") = "Course.Services.Order.Domain", "Services\Order\Course.Services.Order.Domain\Course.Services.Order.Domain.csproj", "{048242C2-E16D-4682-9BEF-EC78F838882A}"
EndProject
Project("{FAE04EC0-301F-11D3-BF4B-00C04F79EFBC}") = "Course.Services.Order.Infrastructure", "Services\Order\Course.Services.Order.Infrastructure\Course.Services.Order.Infrastructure.csproj", "{1A043E95-53B3-4DAC-A634-EF8E7B02D139}"
EndProject
Project("{FAE04EC0-301F-11D3-BF4B-00C04F79EFBC}") = "Course.Services.Order.Domain.Core", "Services\Order\Course.Services.Order.Domain.Core\Course.Services.Order.Domain.Core.csproj", "{EEE4A31F-C8EE-4AD9-8D77-27AD81877EFB}"
EndProject
Global
	GlobalSection(SolutionConfigurationPlatforms) = preSolution
		Debug|Any CPU = Debug|Any CPU
		Release|Any CPU = Release|Any CPU
	EndGlobalSection
	GlobalSection(ProjectConfigurationPlatforms) = postSolution
		{3175B601-2110-4898-B706-C1EC52D1CA24}.Debug|Any CPU.ActiveCfg = Debug|Any CPU
		{3175B601-2110-4898-B706-C1EC52D1CA24}.Debug|Any CPU.Build.0 = Debug|Any CPU
		{3175B601-2110-4898-B706-C1EC52D1CA24}.Release|Any CPU.ActiveCfg = Release|Any CPU
		{3175B601-2110-4898-B706-C1EC52D1CA24}.Release|Any CPU.Build.0 = Release|Any CPU
		{95F49802-080D-40C7-9133-30D1DD6F7694}.Debug|Any CPU.ActiveCfg = Debug|Any CPU
		{95F49802-080D-40C7-9133-30D1DD6F7694}.Debug|Any CPU.Build.0 = Debug|Any CPU
		{95F49802-080D-40C7-9133-30D1DD6F7694}.Release|Any CPU.ActiveCfg = Release|Any CPU
		{95F49802-080D-40C7-9133-30D1DD6F7694}.Release|Any CPU.Build.0 = Release|Any CPU
		{138AE95F-0395-4FC9-8503-9887229CD88A}.Debug|Any CPU.ActiveCfg = Debug|Any CPU
		{138AE95F-0395-4FC9-8503-9887229CD88A}.Debug|Any CPU.Build.0 = Debug|Any CPU
		{138AE95F-0395-4FC9-8503-9887229CD88A}.Release|Any CPU.ActiveCfg = Release|Any CPU
		{138AE95F-0395-4FC9-8503-9887229CD88A}.Release|Any CPU.Build.0 = Release|Any CPU
		{69DC82B4-B246-4C6F-8768-4E8BA0693D82}.Debug|Any CPU.ActiveCfg = Debug|Any CPU
		{69DC82B4-B246-4C6F-8768-4E8BA0693D82}.Debug|Any CPU.Build.0 = Debug|Any CPU
		{69DC82B4-B246-4C6F-8768-4E8BA0693D82}.Release|Any CPU.ActiveCfg = Release|Any CPU
		{69DC82B4-B246-4C6F-8768-4E8BA0693D82}.Release|Any CPU.Build.0 = Release|Any CPU
		{6B7205A8-3816-4BFA-A92F-486F35027A05}.Debug|Any CPU.ActiveCfg = Debug|Any CPU
		{6B7205A8-3816-4BFA-A92F-486F35027A05}.Debug|Any CPU.Build.0 = Debug|Any CPU
		{6B7205A8-3816-4BFA-A92F-486F35027A05}.Release|Any CPU.ActiveCfg = Release|Any CPU
		{6B7205A8-3816-4BFA-A92F-486F35027A05}.Release|Any CPU.Build.0 = Release|Any CPU
		{6A36D538-368E-4909-BA6B-4F3E3F10E12C}.Debug|Any CPU.ActiveCfg = Debug|Any CPU
		{6A36D538-368E-4909-BA6B-4F3E3F10E12C}.Debug|Any CPU.Build.0 = Debug|Any CPU
		{6A36D538-368E-4909-BA6B-4F3E3F10E12C}.Release|Any CPU.ActiveCfg = Release|Any CPU
		{6A36D538-368E-4909-BA6B-4F3E3F10E12C}.Release|Any CPU.Build.0 = Release|Any CPU
		{486132E5-79E3-4428-AECE-8874CADD4411}.Debug|Any CPU.ActiveCfg = Debug|Any CPU
		{486132E5-79E3-4428-AECE-8874CADD4411}.Debug|Any CPU.Build.0 = Debug|Any CPU
		{486132E5-79E3-4428-AECE-8874CADD4411}.Release|Any CPU.ActiveCfg = Release|Any CPU
		{486132E5-79E3-4428-AECE-8874CADD4411}.Release|Any CPU.Build.0 = Release|Any CPU
		{2A6B7A30-3101-4F64-B40D-15E64DB5F2ED}.Debug|Any CPU.ActiveCfg = Debug|Any CPU
		{2A6B7A30-3101-4F64-B40D-15E64DB5F2ED}.Debug|Any CPU.Build.0 = Debug|Any CPU
		{2A6B7A30-3101-4F64-B40D-15E64DB5F2ED}.Release|Any CPU.ActiveCfg = Release|Any CPU
		{2A6B7A30-3101-4F64-B40D-15E64DB5F2ED}.Release|Any CPU.Build.0 = Release|Any CPU
		{048242C2-E16D-4682-9BEF-EC78F838882A}.Debug|Any CPU.ActiveCfg = Debug|Any CPU
		{048242C2-E16D-4682-9BEF-EC78F838882A}.Debug|Any CPU.Build.0 = Debug|Any CPU
		{048242C2-E16D-4682-9BEF-EC78F838882A}.Release|Any CPU.ActiveCfg = Release|Any CPU
		{048242C2-E16D-4682-9BEF-EC78F838882A}.Release|Any CPU.Build.0 = Release|Any CPU
		{1A043E95-53B3-4DAC-A634-EF8E7B02D139}.Debug|Any CPU.ActiveCfg = Debug|Any CPU
		{1A043E95-53B3-4DAC-A634-EF8E7B02D139}.Debug|Any CPU.Build.0 = Debug|Any CPU
		{1A043E95-53B3-4DAC-A634-EF8E7B02D139}.Release|Any CPU.ActiveCfg = Release|Any CPU
		{1A043E95-53B3-4DAC-A634-EF8E7B02D139}.Release|Any CPU.Build.0 = Release|Any CPU
		{EEE4A31F-C8EE-4AD9-8D77-27AD81877EFB}.Debug|Any CPU.ActiveCfg = Debug|Any CPU
		{EEE4A31F-C8EE-4AD9-8D77-27AD81877EFB}.Debug|Any CPU.Build.0 = Debug|Any CPU
		{EEE4A31F-C8EE-4AD9-8D77-27AD81877EFB}.Release|Any CPU.ActiveCfg = Release|Any CPU
		{EEE4A31F-C8EE-4AD9-8D77-27AD81877EFB}.Release|Any CPU.Build.0 = Release|Any CPU
	EndGlobalSection
	GlobalSection(SolutionProperties) = preSolution
		HideSolutionNode = FALSE
	EndGlobalSection
	GlobalSection(NestedProjects) = preSolution
		{FE9B89A4-CEFC-4FA0-8920-77F3F2E901BD} = {9CB51C1F-0715-47FA-A495-2FE8465C1C0D}
		{3175B601-2110-4898-B706-C1EC52D1CA24} = {FE9B89A4-CEFC-4FA0-8920-77F3F2E901BD}
		{95F49802-080D-40C7-9133-30D1DD6F7694} = {615E3696-C682-4D76-A0E1-699543DB23A4}
		{138AE95F-0395-4FC9-8503-9887229CD88A} = {2C0FCC17-BC21-46AF-8940-4894767EB4F6}
		{E85C23B2-F571-452D-834A-640F711FDB72} = {9CB51C1F-0715-47FA-A495-2FE8465C1C0D}
		{69DC82B4-B246-4C6F-8768-4E8BA0693D82} = {E85C23B2-F571-452D-834A-640F711FDB72}
		{2217FDA9-E9E2-46D4-8CC6-B5D7D15677E4} = {9CB51C1F-0715-47FA-A495-2FE8465C1C0D}
		{6B7205A8-3816-4BFA-A92F-486F35027A05} = {2217FDA9-E9E2-46D4-8CC6-B5D7D15677E4}
		{7EF0520B-9D51-4A9E-97FE-0CCF3CE3D42A} = {9CB51C1F-0715-47FA-A495-2FE8465C1C0D}
		{6A36D538-368E-4909-BA6B-4F3E3F10E12C} = {7EF0520B-9D51-4A9E-97FE-0CCF3CE3D42A}
		{9565BDAE-B8CF-42E7-AD6C-DD9B3642BF6A} = {9CB51C1F-0715-47FA-A495-2FE8465C1C0D}
		{486132E5-79E3-4428-AECE-8874CADD4411} = {9565BDAE-B8CF-42E7-AD6C-DD9B3642BF6A}
		{2A6B7A30-3101-4F64-B40D-15E64DB5F2ED} = {9565BDAE-B8CF-42E7-AD6C-DD9B3642BF6A}
		{048242C2-E16D-4682-9BEF-EC78F838882A} = {9565BDAE-B8CF-42E7-AD6C-DD9B3642BF6A}
		{1A043E95-53B3-4DAC-A634-EF8E7B02D139} = {9565BDAE-B8CF-42E7-AD6C-DD9B3642BF6A}
		{EEE4A31F-C8EE-4AD9-8D77-27AD81877EFB} = {9565BDAE-B8CF-42E7-AD6C-DD9B3642BF6A}
	EndGlobalSection
	GlobalSection(ExtensibilityGlobals) = postSolution
		SolutionGuid = {D28CD0F1-AB8C-4CBA-BB54-4B84EF6E8EAA}
	EndGlobalSection
EndGlobal
